// !$*UTF8*$!
{
	archiveVersion = 1;
	classes = {
	};
	objectVersion = 48;
	objects = {

/* Begin PBXBuildFile section */
		E72358B120734B4000A9B02A /* AppDelegate.swift in Sources */ = {isa = PBXBuildFile; fileRef = E72358B020734B4000A9B02A /* AppDelegate.swift */; };
		E72358B320734B4000A9B02A /* ViewController.swift in Sources */ = {isa = PBXBuildFile; fileRef = E72358B220734B4000A9B02A /* ViewController.swift */; };
		E72358B620734B4000A9B02A /* Main.storyboard in Resources */ = {isa = PBXBuildFile; fileRef = E72358B420734B4000A9B02A /* Main.storyboard */; };
		E72358B920734B4000A9B02A /* QrCodeReader.xcdatamodeld in Sources */ = {isa = PBXBuildFile; fileRef = E72358B720734B4000A9B02A /* QrCodeReader.xcdatamodeld */; };
		E72358BB20734B4000A9B02A /* Assets.xcassets in Resources */ = {isa = PBXBuildFile; fileRef = E72358BA20734B4000A9B02A /* Assets.xcassets */; };
		E72358BE20734B4000A9B02A /* LaunchScreen.storyboard in Resources */ = {isa = PBXBuildFile; fileRef = E72358BC20734B4000A9B02A /* LaunchScreen.storyboard */; };
/* End PBXBuildFile section */

/* Begin PBXFileReference section */
		E72358AD20734B4000A9B02A /* QrCodeReader.app */ = {isa = PBXFileReference; explicitFileType = wrapper.application; includeInIndex = 0; path = QrCodeReader.app; sourceTree = BUILT_PRODUCTS_DIR; };
		E72358B020734B4000A9B02A /* AppDelegate.swift */ = {isa = PBXFileReference; lastKnownFileType = sourcecode.swift; path = AppDelegate.swift; sourceTree = "<group>"; };
		E72358B220734B4000A9B02A /* ViewController.swift */ = {isa = PBXFileReference; lastKnownFileType = sourcecode.swift; path = ViewController.swift; sourceTree = "<group>"; };
		E72358B520734B4000A9B02A /* Base */ = {isa = PBXFileReference; lastKnownFileType = file.storyboard; name = Base; path = Base.lproj/Main.storyboard; sourceTree = "<group>"; };
		E72358B820734B4000A9B02A /* QrCodeReader.xcdatamodel */ = {isa = PBXFileReference; lastKnownFileType = wrapper.xcdatamodel; path = QrCodeReader.xcdatamodel; sourceTree = "<group>"; };
		E72358BA20734B4000A9B02A /* Assets.xcassets */ = {isa = PBXFileReference; lastKnownFileType = folder.assetcatalog; path = Assets.xcassets; sourceTree = "<group>"; };
		E72358BD20734B4000A9B02A /* Base */ = {isa = PBXFileReference; lastKnownFileType = file.storyboard; name = Base; path = Base.lproj/LaunchScreen.storyboard; sourceTree = "<group>"; };
		E72358BF20734B4000A9B02A /* Info.plist */ = {isa = PBXFileReference; lastKnownFileType = text.plist.xml; path = Info.plist; sourceTree = "<group>"; };
/* End PBXFileReference section */

/* Begin PBXFrameworksBuildPhase section */
		E72358AA20734B4000A9B02A /* Frameworks */ = {
			isa = PBXFrameworksBuildPhase;
			buildActionMask = 2147483647;
			files = (
			);
			runOnlyForDeploymentPostprocessing = 0;
		};
/* End PBXFrameworksBuildPhase section */

/* Begin PBXGroup section */
		E72358A420734B4000A9B02A = {
			isa = PBXGroup;
			children = (
				E72358AF20734B4000A9B02A /* QrCodeReader */,
				E72358AE20734B4000A9B02A /* Products */,
			);
			sourceTree = "<group>";
		};
		E72358AE20734B4000A9B02A /* Products */ = {
			isa = PBXGroup;
			children = (
				E72358AD20734B4000A9B02A /* QrCodeReader.app */,
			);
			name = Products;
			sourceTree = "<group>";
		};
		E72358AF20734B4000A9B02A /* QrCodeReader */ = {
			isa = PBXGroup;
			children = (
				E72358B020734B4000A9B02A /* AppDelegate.swift */,
				E72358B220734B4000A9B02A /* ViewController.swift */,
				E72358B420734B4000A9B02A /* Main.storyboard */,
				E72358BA20734B4000A9B02A /* Assets.xcassets */,
				E72358BC20734B4000A9B02A /* LaunchScreen.storyboard */,
				E72358BF20734B4000A9B02A /* Info.plist */,
				E72358B720734B4000A9B02A /* QrCodeReader.xcdatamodeld */,
			);
			path = QrCodeReader;
			sourceTree = "<group>";
		};
/* End PBXGroup section */

/* Begin PBXNativeTarget section */
		E72358AC20734B4000A9B02A /* QrCodeReader */ = {
			isa = PBXNativeTarget;
			buildConfigurationList = E72358C220734B4000A9B02A /* Build configuration list for PBXNativeTarget "QrCodeReader" */;
			buildPhases = (
				E72358A920734B4000A9B02A /* Sources */,
				E72358AA20734B4000A9B02A /* Frameworks */,
				E72358AB20734B4000A9B02A /* Resources */,
			);
			buildRules = (
			);
			dependencies = (
			);
			name = QrCodeReader;
			productName = QrCodeReader;
			productReference = E72358AD20734B4000A9B02A /* QrCodeReader.app */;
			productType = "com.apple.product-type.application";
		};
/* End PBXNativeTarget section */

/* Begin PBXProject section */
		E72358A520734B4000A9B02A /* Project object */ = {
			isa = PBXProject;
			attributes = {
				LastSwiftUpdateCheck = 0920;
				LastUpgradeCheck = 0920;
				ORGANIZATIONNAME = Ratulotron;
				TargetAttributes = {
					E72358AC20734B4000A9B02A = {
						CreatedOnToolsVersion = 9.2;
						ProvisioningStyle = Automatic;
					};
				};
			};
			buildConfigurationList = E72358A820734B4000A9B02A /* Build configuration list for PBXProject "QrCodeReader" */;
			compatibilityVersion = "Xcode 8.0";
			developmentRegion = en;
			hasScannedForEncodings = 0;
			knownRegions = (
				en,
				Base,
			);
			mainGroup = E72358A420734B4000A9B02A;
			productRefGroup = E72358AE20734B4000A9B02A /* Products */;
			projectDirPath = "";
			projectRoot = "";
			targets = (
				E72358AC20734B4000A9B02A /* QrCodeReader */,
			);
		};
/* End PBXProject section */

/* Begin PBXResourcesBuildPhase section */
		E72358AB20734B4000A9B02A /* Resources */ = {
			isa = PBXResourcesBuildPhase;
			buildActionMask = 2147483647;
			files = (
				E72358BE20734B4000A9B02A /* LaunchScreen.storyboard in Resources */,
				E72358BB20734B4000A9B02A /* Assets.xcassets in Resources */,
				E72358B620734B4000A9B02A /* Main.storyboard in Resources */,
			);
			runOnlyForDeploymentPostprocessing = 0;
		};
/* End PBXResourcesBuildPhase section */

/* Begin PBXSourcesBuildPhase section */
		E72358A920734B4000A9B02A /* Sources */ = {
			isa = PBXSourcesBuildPhase;
			buildActionMask = 2147483647;
			files = (
				E72358B320734B4000A9B02A /* ViewController.swift in Sources */,
				E72358B120734B4000A9B02A /* AppDelegate.swift in Sources */,
				E72358B920734B4000A9B02A /* QrCodeReader.xcdatamodeld in Sources */,
			);
			runOnlyForDeploymentPostprocessing = 0;
		};
/* End PBXSourcesBuildPhase section */

/* Begin PBXVariantGroup section */
		E72358B420734B4000A9B02A /* Main.storyboard */ = {
			isa = PBXVariantGroup;
			children = (
				E72358B520734B4000A9B02A /* Base */,
			);
			name = Main.storyboard;
			sourceTree = "<group>";
		};
		E72358BC20734B4000A9B02A /* LaunchScreen.storyboard */ = {
			isa = PBXVariantGroup;
			children = (
				E72358BD20734B4000A9B02A /* Base */,
			);
			name = LaunchScreen.storyboard;
			sourceTree = "<group>";
		};
/* End PBXVariantGroup section */

/* Begin XCBuildConfiguration section */
		E72358C020734B4000A9B02A /* Debug */ = {
			isa = XCBuildConfiguration;
			buildSettings = {
				ALWAYS_SEARCH_USER_PATHS = NO;
				CLANG_ANALYZER_NONNULL = YES;
				CLANG_ANALYZER_NUMBER_OBJECT_CONVERSION = YES_AGGRESSIVE;
				CLANG_CXX_LANGUAGE_STANDARD = "gnu++14";
				CLANG_CXX_LIBRARY = "libc++";
				CLANG_ENABLE_MODULES = YES;
				CLANG_ENABLE_OBJC_ARC = YES;
				CLANG_WARN_BLOCK_CAPTURE_AUTORELEASING = YES;
				CLANG_WARN_BOOL_CONVERSION = YES;
				CLANG_WARN_COMMA = YES;
				CLANG_WARN_CONSTANT_CONVERSION = YES;
				CLANG_WARN_DIRECT_OBJC_ISA_USAGE = YES_ERROR;
				CLANG_WARN_DOCUMENTATION_COMMENTS = YES;
				CLANG_WARN_EMPTY_BODY = YES;
				CLANG_WARN_ENUM_CONVERSION = YES;
				CLANG_WARN_INFINITE_RECURSION = YES;
				CLANG_WARN_INT_CONVERSION = YES;
				CLANG_WARN_NON_LITERAL_NULL_CONVERSION = YES;
				CLANG_WARN_OBJC_LITERAL_CONVERSION = YES;
				CLANG_WARN_OBJC_ROOT_CLASS = YES_ERROR;
				CLANG_WARN_RANGE_LOOP_ANALYSIS = YES;
				CLANG_WARN_STRICT_PROTOTYPES = YES;
				CLANG_WARN_SUSPICIOUS_MOVE = YES;
				CLANG_WARN_UNGUARDED_AVAILABILITY = YES_AGGRESSIVE;
				CLANG_WARN_UNREACHABLE_CODE = YES;
				CLANG_WARN__DUPLICATE_METHOD_MATCH = YES;
				CODE_SIGN_IDENTITY = "iPhone Developer";
				COPY_PHASE_STRIP = NO;
				DEBUG_INFORMATION_FORMAT = dwarf;
				ENABLE_STRICT_OBJC_MSGSEND = YES;
				ENABLE_TESTABILITY = YES;
				GCC_C_LANGUAGE_STANDARD = gnu11;
				GCC_DYNAMIC_NO_PIC = NO;
				GCC_NO_COMMON_BLOCKS = YES;
				GCC_OPTIMIZATION_LEVEL = 0;
				GCC_PREPROCESSOR_DEFINITIONS = (
					"DEBUG=1",
					"$(inherited)",
				);
				GCC_WARN_64_TO_32_BIT_CONVERSION = YES;
				GCC_WARN_ABOUT_RETURN_TYPE = YES_ERROR;
				GCC_WARN_UNDECLARED_SELECTOR = YES;
				GCC_WARN_UNINITIALIZED_AUTOS = YES_AGGRESSIVE;
				GCC_WARN_UNUSED_FUNCTION = YES;
				GCC_WARN_UNUSED_VARIABLE = YES;
				IPHONEOS_DEPLOYMENT_TARGET = 11.2;
				MTL_ENABLE_DEBUG_INFO = YES;
				ONLY_ACTIVE_ARCH = YES;
				SDKROOT = iphoneos;
				SWIFT_ACTIVE_COMPILATION_CONDITIONS = DEBUG;
				SWIFT_OPTIMIZATION_LEVEL = "-Onone";
			};
			name = Debug;
		};
		E72358C120734B4000A9B02A /* Release */ = {
			isa = XCBuildConfiguration;
			buildSettings = {
				ALWAYS_SEARCH_USER_PATHS = NO;
				CLANG_ANALYZER_NONNULL = YES;
				CLANG_ANALYZER_NUMBER_OBJECT_CONVERSION = YES_AGGRESSIVE;
				CLANG_CXX_LANGUAGE_STANDARD = "gnu++14";
				CLANG_CXX_LIBRARY = "libc++";
				CLANG_ENABLE_MODULES = YES;
				CLANG_ENABLE_OBJC_ARC = YES;
				CLANG_WARN_BLOCK_CAPTURE_AUTORELEASING = YES;
				CLANG_WARN_BOOL_CONVERSION = YES;
				CLANG_WARN_COMMA = YES;
				CLANG_WARN_CONSTANT_CONVERSION = YES;
				CLANG_WARN_DIRECT_OBJC_ISA_USAGE = YES_ERROR;
				CLANG_WARN_DOCUMENTATION_COMMENTS = YES;
				CLANG_WARN_EMPTY_BODY = YES;
				CLANG_WARN_ENUM_CONVERSION = YES;
				CLANG_WARN_INFINITE_RECURSION = YES;
				CLANG_WARN_INT_CONVERSION = YES;
				CLANG_WARN_NON_LITERAL_NULL_CONVERSION = YES;
				CLANG_WARN_OBJC_LITERAL_CONVERSION = YES;
				CLANG_WARN_OBJC_ROOT_CLASS = YES_ERROR;
				CLANG_WARN_RANGE_LOOP_ANALYSIS = YES;
				CLANG_WARN_STRICT_PROTOTYPES = YES;
				CLANG_WARN_SUSPICIOUS_MOVE = YES;
				CLANG_WARN_UNGUARDED_AVAILABILITY = YES_AGGRESSIVE;
				CLANG_WARN_UNREACHABLE_CODE = YES;
				CLANG_WARN__DUPLICATE_METHOD_MATCH = YES;
				CODE_SIGN_IDENTITY = "iPhone Developer";
				COPY_PHASE_STRIP = NO;
				DEBUG_INFORMATION_FORMAT = "dwarf-with-dsym";
				ENABLE_NS_ASSERTIONS = NO;
				ENABLE_STRICT_OBJC_MSGSEND = YES;
				GCC_C_LANGUAGE_STANDARD = gnu11;
				GCC_NO_COMMON_BLOCKS = YES;
				GCC_WARN_64_TO_32_BIT_CONVERSION = YES;
				GCC_WARN_ABOUT_RETURN_TYPE = YES_ERROR;
				GCC_WARN_UNDECLARED_SELECTOR = YES;
				GCC_WARN_UNINITIALIZED_AUTOS = YES_AGGRESSIVE;
				GCC_WARN_UNUSED_FUNCTION = YES;
				GCC_WARN_UNUSED_VARIABLE = YES;
				IPHONEOS_DEPLOYMENT_TARGET = 11.2;
				MTL_ENABLE_DEBUG_INFO = NO;
				SDKROOT = iphoneos;
				SWIFT_OPTIMIZATION_LEVEL = "-Owholemodule";
				VALIDATE_PRODUCT = YES;
			};
			name = Release;
		};
		E72358C320734B4000A9B02A /* Debug */ = {
			isa = XCBuildConfiguration;
			buildSettings = {
				ASSETCATALOG_COMPILER_APPICON_NAME = AppIcon;
				CODE_SIGN_STYLE = Automatic;
				INFOPLIST_FILE = QrCodeReader/Info.plist;
				LD_RUNPATH_SEARCH_PATHS = "$(inherited) @executable_path/Frameworks";
				PRODUCT_BUNDLE_IDENTIFIER = xyz.riaydh.QrCodeReader;
				PRODUCT_NAME = "$(TARGET_NAME)";
				SWIFT_VERSION = 4.0;
				TARGETED_DEVICE_FAMILY = "1,2";
			};
			name = Debug;
		};
		E72358C420734B4000A9B02A /* Release */ = {
			isa = XCBuildConfiguration;
			buildSettings = {
				ASSETCATALOG_COMPILER_APPICON_NAME = AppIcon;
				CODE_SIGN_STYLE = Automatic;
				INFOPLIST_FILE = QrCodeReader/Info.plist;
				LD_RUNPATH_SEARCH_PATHS = "$(inherited) @executable_path/Frameworks";
				PRODUCT_BUNDLE_IDENTIFIER = xyz.riaydh.QrCodeReader;
				PRODUCT_NAME = "$(TARGET_NAME)";
				SWIFT_VERSION = 4.0;
				TARGETED_DEVICE_FAMILY = "1,2";
			};
			name = Release;
		};
/* End XCBuildConfiguration section */

/* Begin XCConfigurationList section */
		E72358A820734B4000A9B02A /* Build configuration list for PBXProject "QrCodeReader" */ = {
			isa = XCConfigurationList;
			buildConfigurations = (
				E72358C020734B4000A9B02A /* Debug */,
				E72358C120734B4000A9B02A /* Release */,
			);
			defaultConfigurationIsVisible = 0;
			defaultConfigurationName = Release;
		};
		E72358C220734B4000A9B02A /* Build configuration list for PBXNativeTarget "QrCodeReader" */ = {
			isa = XCConfigurationList;
			buildConfigurations = (
				E72358C320734B4000A9B02A /* Debug */,
				E72358C420734B4000A9B02A /* Release */,
			);
			defaultConfigurationIsVisible = 0;
			defaultConfigurationName = Release;
		};
/* End XCConfigurationList section */

/* Begin XCVersionGroup section */
		E72358B720734B4000A9B02A /* QrCodeReader.xcdatamodeld */ = {
			isa = XCVersionGroup;
			children = (
				E72358B820734B4000A9B02A /* QrCodeReader.xcdatamodel */,
			);
			currentVersion = E72358B820734B4000A9B02A /* QrCodeReader.xcdatamodel */;
			path = QrCodeReader.xcdatamodeld;
			sourceTree = "<group>";
			versionGroupType = wrapper.xcdatamodel;
		};
/* End XCVersionGroup section */
	};
	rootObject = E72358A520734B4000A9B02A /* Project object */;
}
